
Microsoft Visual Studio Solution File, Format Version 12.00
Project("{FAE04EC0-301F-11D3-BF4B-00C04F79EFBC}") = "StudyPlanner", "StudyPlanner\StudyPlanner.csproj", "{7577385F-C1C9-41DC-A07B-6043D7C63910}"
EndProject
Global
	GlobalSection(SolutionConfigurationPlatforms) = preSolution
		Debug|Any CPU = Debug|Any CPU
		Release|Any CPU = Release|Any CPU
	EndGlobalSection
	GlobalSection(ProjectConfigurationPlatforms) = postSolution
		{7577385F-C1C9-41DC-A07B-6043D7C63910}.Debug|Any CPU.ActiveCfg = Debug|Any CPU
		{7577385F-C1C9-41DC-A07B-6043D7C63910}.Debug|Any CPU.Build.0 = Debug|Any CPU
		{7577385F-C1C9-41DC-A07B-6043D7C63910}.Release|Any CPU.ActiveCfg = Release|Any CPU
		{7577385F-C1C9-41DC-A07B-6043D7C63910}.Release|Any CPU.Build.0 = Release|Any CPU
	EndGlobalSection
EndGlobal
